
Microsoft Visual Studio Solution File, Format Version 12.00
# Visual Studio Version 17
VisualStudioVersion = 17.6.33815.320
MinimumVisualStudioVersion = 10.0.40219.1
Project("{9A19103F-16F7-4668-BE54-9A1E7A4F7556}") = "ToNSaveManager", "ToNSaveManager.csproj", "{1702E6B3-EDDD-4724-A4BF-4B95E4715F89}"
EndProject
Global
	GlobalSection(SolutionConfigurationPlatforms) = preSolution
		Debug|Any CPU = Debug|Any CPU
		Release|Any CPU = Release|Any CPU
	EndGlobalSection
	GlobalSection(ProjectConfigurationPlatforms) = postSolution
		{1702E6B3-EDDD-4724-A4BF-4B95E4715F89}.Debug|Any CPU.ActiveCfg = Debug|Any CPU
		{1702E6B3-EDDD-4724-A4BF-4B95E4715F89}.Debug|Any CPU.Build.0 = Debug|Any CPU
		{1702E6B3-EDDD-4724-A4BF-4B95E4715F89}.Release|Any CPU.ActiveCfg = Release|Any CPU
		{1702E6B3-EDDD-4724-A4BF-4B95E4715F89}.Release|Any CPU.Build.0 = Release|Any CPU
	EndGlobalSection
	GlobalSection(SolutionProperties) = preSolution
		HideSolutionNode = FALSE
	EndGlobalSection
	GlobalSection(ExtensibilityGlobals) = postSolution
		SolutionGuid = {922AEAA1-B900-48BB-A26F-41688429B4AA}
	EndGlobalSection
EndGlobal
